
Microsoft Visual Studio Solution File, Format Version 12.00
# Visual Studio Version 17
VisualStudioVersion = 17.6.33723.286
MinimumVisualStudioVersion = 10.0.40219.1
Project("{9A19103F-16F7-4668-BE54-9A1E7A4F7556}") = "PZ_01", "PZ_01\PZ_01.csproj", "{B9384ABE-1B3D-434E-9A49-56439643C423}"
EndProject
Project("{9A19103F-16F7-4668-BE54-9A1E7A4F7556}") = "PZ_02", "PZ_02\PZ_02.csproj", "{2D427779-0197-40A7-9040-561D70F1824B}"
EndProject
Project("{9A19103F-16F7-4668-BE54-9A1E7A4F7556}") = "PZ_03", "PZ_03\PZ_03.csproj", "{4D20964C-FAF1-4D79-983B-A9320FF7B47B}"
EndProject
Project("{9A19103F-16F7-4668-BE54-9A1E7A4F7556}") = "PZ_04", "PZ_04\PZ_04.csproj", "{995DA429-0442-42C1-BB0F-A064E846A2BE}"
EndProject
Project("{FAE04EC0-301F-11D3-BF4B-00C04F79EFBC}") = "PZ_05", "PZ_05\PZ_05.csproj", "{7AB80CA4-1A2B-4652-AAE2-CC39E499F522}"
EndProject
Global
	GlobalSection(SolutionConfigurationPlatforms) = preSolution
		Debug|Any CPU = Debug|Any CPU
		Release|Any CPU = Release|Any CPU
	EndGlobalSection
	GlobalSection(ProjectConfigurationPlatforms) = postSolution
		{B9384ABE-1B3D-434E-9A49-56439643C423}.Debug|Any CPU.ActiveCfg = Debug|Any CPU
		{B9384ABE-1B3D-434E-9A49-56439643C423}.Debug|Any CPU.Build.0 = Debug|Any CPU
		{B9384ABE-1B3D-434E-9A49-56439643C423}.Release|Any CPU.ActiveCfg = Release|Any CPU
		{B9384ABE-1B3D-434E-9A49-56439643C423}.Release|Any CPU.Build.0 = Release|Any CPU
		{2D427779-0197-40A7-9040-561D70F1824B}.Debug|Any CPU.ActiveCfg = Debug|Any CPU
		{2D427779-0197-40A7-9040-561D70F1824B}.Debug|Any CPU.Build.0 = Debug|Any CPU
		{2D427779-0197-40A7-9040-561D70F1824B}.Release|Any CPU.ActiveCfg = Release|Any CPU
		{2D427779-0197-40A7-9040-561D70F1824B}.Release|Any CPU.Build.0 = Release|Any CPU
		{4D20964C-FAF1-4D79-983B-A9320FF7B47B}.Debug|Any CPU.ActiveCfg = Debug|Any CPU
		{4D20964C-FAF1-4D79-983B-A9320FF7B47B}.Debug|Any CPU.Build.0 = Debug|Any CPU
		{4D20964C-FAF1-4D79-983B-A9320FF7B47B}.Release|Any CPU.ActiveCfg = Release|Any CPU
		{4D20964C-FAF1-4D79-983B-A9320FF7B47B}.Release|Any CPU.Build.0 = Release|Any CPU
		{995DA429-0442-42C1-BB0F-A064E846A2BE}.Debug|Any CPU.ActiveCfg = Debug|Any CPU
		{995DA429-0442-42C1-BB0F-A064E846A2BE}.Debug|Any CPU.Build.0 = Debug|Any CPU
		{995DA429-0442-42C1-BB0F-A064E846A2BE}.Release|Any CPU.ActiveCfg = Release|Any CPU
		{995DA429-0442-42C1-BB0F-A064E846A2BE}.Release|Any CPU.Build.0 = Release|Any CPU
		{7AB80CA4-1A2B-4652-AAE2-CC39E499F522}.Debug|Any CPU.ActiveCfg = Debug|Any CPU
		{7AB80CA4-1A2B-4652-AAE2-CC39E499F522}.Debug|Any CPU.Build.0 = Debug|Any CPU
		{7AB80CA4-1A2B-4652-AAE2-CC39E499F522}.Release|Any CPU.ActiveCfg = Release|Any CPU
		{7AB80CA4-1A2B-4652-AAE2-CC39E499F522}.Release|Any CPU.Build.0 = Release|Any CPU
	EndGlobalSection
	GlobalSection(SolutionProperties) = preSolution
		HideSolutionNode = FALSE
	EndGlobalSection
	GlobalSection(ExtensibilityGlobals) = postSolution
		SolutionGuid = {08BBE47C-BCBE-4A9D-A96B-03F739393B2D}
	EndGlobalSection
EndGlobal
