
Microsoft Visual Studio Solution File, Format Version 12.00
# Visual Studio Version 17
VisualStudioVersion = 17.6.33723.286
MinimumVisualStudioVersion = 10.0.40219.1
Project("{FAE04EC0-301F-11D3-BF4B-00C04F79EFBC}") = "WpfApp3", "WpfApp3\WpfApp3.csproj", "{B8179BA4-0E37-409F-AE4B-4AC734FF9516}"
EndProject
Global
	GlobalSection(SolutionConfigurationPlatforms) = preSolution
		Debug|Any CPU = Debug|Any CPU
		Release|Any CPU = Release|Any CPU
	EndGlobalSection
	GlobalSection(ProjectConfigurationPlatforms) = postSolution
		{B8179BA4-0E37-409F-AE4B-4AC734FF9516}.Debug|Any CPU.ActiveCfg = Debug|Any CPU
		{B8179BA4-0E37-409F-AE4B-4AC734FF9516}.Debug|Any CPU.Build.0 = Debug|Any CPU
		{B8179BA4-0E37-409F-AE4B-4AC734FF9516}.Release|Any CPU.ActiveCfg = Release|Any CPU
		{B8179BA4-0E37-409F-AE4B-4AC734FF9516}.Release|Any CPU.Build.0 = Release|Any CPU
	EndGlobalSection
	GlobalSection(SolutionProperties) = preSolution
		HideSolutionNode = FALSE
	EndGlobalSection
	GlobalSection(ExtensibilityGlobals) = postSolution
		SolutionGuid = {4EDE4BF5-CAD7-4E14-BBD0-5AA6F3575C87}
	EndGlobalSection
EndGlobal
